
Microsoft Visual Studio Solution File, Format Version 12.00
# Visual Studio Version 16
VisualStudioVersion = 16.0.31424.327
MinimumVisualStudioVersion = 10.0.40219.1
Project("{FAE04EC0-301F-11D3-BF4B-00C04F79EFBC}") = "Methoden 120123 AufgabeS24", "Methoden 120123 AufgabeS24.csproj", "{E10F4B2F-800D-4B39-BE24-BC26959104E5}"
EndProject
Global
	GlobalSection(SolutionConfigurationPlatforms) = preSolution
		Debug|Any CPU = Debug|Any CPU
		Release|Any CPU = Release|Any CPU
	EndGlobalSection
	GlobalSection(ProjectConfigurationPlatforms) = postSolution
		{E10F4B2F-800D-4B39-BE24-BC26959104E5}.Debug|Any CPU.ActiveCfg = Debug|Any CPU
		{E10F4B2F-800D-4B39-BE24-BC26959104E5}.Debug|Any CPU.Build.0 = Debug|Any CPU
		{E10F4B2F-800D-4B39-BE24-BC26959104E5}.Release|Any CPU.ActiveCfg = Release|Any CPU
		{E10F4B2F-800D-4B39-BE24-BC26959104E5}.Release|Any CPU.Build.0 = Release|Any CPU
	EndGlobalSection
	GlobalSection(SolutionProperties) = preSolution
		HideSolutionNode = FALSE
	EndGlobalSection
	GlobalSection(ExtensibilityGlobals) = postSolution
		SolutionGuid = {2F2FAB40-7B1C-48DF-B2FB-F7314004F03C}
	EndGlobalSection
EndGlobal
